// !$*UTF8*$!
{
	archiveVersion = 1;
	classes = {
	};
	objectVersion = 46;
	objects = {

/* Begin PBXBuildFile section */
		02CEF8DF16E519BF009E773E /* UIKit.framework in Frameworks */ = {isa = PBXBuildFile; fileRef = 02CEF8DE16E519BF009E773E /* UIKit.framework */; };
		02CEF8E116E519BF009E773E /* Foundation.framework in Frameworks */ = {isa = PBXBuildFile; fileRef = 02CEF8E016E519BF009E773E /* Foundation.framework */; };
		02CEF8E316E519BF009E773E /* CoreGraphics.framework in Frameworks */ = {isa = PBXBuildFile; fileRef = 02CEF8E216E519BF009E773E /* CoreGraphics.framework */; };
		02CEF8E916E519BF009E773E /* InfoPlist.strings in Resources */ = {isa = PBXBuildFile; fileRef = 02CEF8E716E519BF009E773E /* InfoPlist.strings */; };
		02CEF8EB16E519BF009E773E /* main.m in Sources */ = {isa = PBXBuildFile; fileRef = 02CEF8EA16E519BF009E773E /* main.m */; };
		02CEF8EF16E519BF009E773E /* AppDelegate.m in Sources */ = {isa = PBXBuildFile; fileRef = 02CEF8EE16E519BF009E773E /* AppDelegate.m */; };
		02CEF8F116E519BF009E773E /* Default.png in Resources */ = {isa = PBXBuildFile; fileRef = 02CEF8F016E519BF009E773E /* Default.png */; };
		02CEF8F316E519BF009E773E /* Default@2x.png in Resources */ = {isa = PBXBuildFile; fileRef = 02CEF8F216E519BF009E773E /* Default@2x.png */; };
		02CEF8F516E519BF009E773E /* Default-568h@2x.png in Resources */ = {isa = PBXBuildFile; fileRef = 02CEF8F416E519BF009E773E /* Default-568h@2x.png */; };
		02CEF8F816E519BF009E773E /* MainStoryboard.storyboard in Resources */ = {isa = PBXBuildFile; fileRef = 02CEF8F616E519BF009E773E /* MainStoryboard.storyboard */; };
		02CEF90616E7B2B0009E773E /* API.m in Sources */ = {isa = PBXBuildFile; fileRef = 02CEF90516E7B2B0009E773E /* API.m */; };
		02CEF91B16E7B2E0009E773E /* AFHTTPClient.m in Sources */ = {isa = PBXBuildFile; fileRef = 02CEF90916E7B2E0009E773E /* AFHTTPClient.m */; };
		02CEF91C16E7B2E0009E773E /* AFHTTPRequestOperation.m in Sources */ = {isa = PBXBuildFile; fileRef = 02CEF90B16E7B2E0009E773E /* AFHTTPRequestOperation.m */; };
		02CEF91D16E7B2E0009E773E /* AFImageRequestOperation.m in Sources */ = {isa = PBXBuildFile; fileRef = 02CEF90D16E7B2E0009E773E /* AFImageRequestOperation.m */; };
		02CEF91E16E7B2E0009E773E /* AFJSONRequestOperation.m in Sources */ = {isa = PBXBuildFile; fileRef = 02CEF90F16E7B2E0009E773E /* AFJSONRequestOperation.m */; };
		02CEF91F16E7B2E0009E773E /* AFNetworkActivityIndicatorManager.m in Sources */ = {isa = PBXBuildFile; fileRef = 02CEF91116E7B2E0009E773E /* AFNetworkActivityIndicatorManager.m */; };
		02CEF92016E7B2E0009E773E /* AFPropertyListRequestOperation.m in Sources */ = {isa = PBXBuildFile; fileRef = 02CEF91416E7B2E0009E773E /* AFPropertyListRequestOperation.m */; };
		02CEF92116E7B2E0009E773E /* AFURLConnectionOperation.m in Sources */ = {isa = PBXBuildFile; fileRef = 02CEF91616E7B2E0009E773E /* AFURLConnectionOperation.m */; };
		02CEF92216E7B2E0009E773E /* AFXMLRequestOperation.m in Sources */ = {isa = PBXBuildFile; fileRef = 02CEF91816E7B2E0009E773E /* AFXMLRequestOperation.m */; };
		02CEF92316E7B2E0009E773E /* UIImageView+AFNetworking.m in Sources */ = {isa = PBXBuildFile; fileRef = 02CEF91A16E7B2E0009E773E /* UIImageView+AFNetworking.m */; };
		02CEF92616E7CC5F009E773E /* BookResource.m in Sources */ = {isa = PBXBuildFile; fileRef = 02CEF92516E7CC5F009E773E /* BookResource.m */; };
		02CEF92916E9F439009E773E /* Book.m in Sources */ = {isa = PBXBuildFile; fileRef = 02CEF92816E9F439009E773E /* Book.m */; };
		02CEF92C16EA13A3009E773E /* BookViewController.m in Sources */ = {isa = PBXBuildFile; fileRef = 02CEF92B16EA13A3009E773E /* BookViewController.m */; };
		02CEF93116EA4962009E773E /* SVProgressHUD.bundle in Resources */ = {isa = PBXBuildFile; fileRef = 02CEF92E16EA4962009E773E /* SVProgressHUD.bundle */; };
		02CEF93216EA4962009E773E /* SVProgressHUD.m in Sources */ = {isa = PBXBuildFile; fileRef = 02CEF93016EA4962009E773E /* SVProgressHUD.m */; };
		02CEF93416EA4A37009E773E /* QuartzCore.framework in Frameworks */ = {isa = PBXBuildFile; fileRef = 02CEF93316EA4A37009E773E /* QuartzCore.framework */; };
		02CEF93716EB2220009E773E /* NewBookViewController.m in Sources */ = {isa = PBXBuildFile; fileRef = 02CEF93616EB2220009E773E /* NewBookViewController.m */; };
/* End PBXBuildFile section */

/* Begin PBXFileReference section */
		02CEF8DB16E519BF009E773E /* mobile-technology.app */ = {isa = PBXFileReference; explicitFileType = wrapper.application; includeInIndex = 0; path = "mobile-technology.app"; sourceTree = BUILT_PRODUCTS_DIR; };
		02CEF8DE16E519BF009E773E /* UIKit.framework */ = {isa = PBXFileReference; lastKnownFileType = wrapper.framework; name = UIKit.framework; path = System/Library/Frameworks/UIKit.framework; sourceTree = SDKROOT; };
		02CEF8E016E519BF009E773E /* Foundation.framework */ = {isa = PBXFileReference; lastKnownFileType = wrapper.framework; name = Foundation.framework; path = System/Library/Frameworks/Foundation.framework; sourceTree = SDKROOT; };
		02CEF8E216E519BF009E773E /* CoreGraphics.framework */ = {isa = PBXFileReference; lastKnownFileType = wrapper.framework; name = CoreGraphics.framework; path = System/Library/Frameworks/CoreGraphics.framework; sourceTree = SDKROOT; };
		02CEF8E616E519BF009E773E /* mobile-technology-Info.plist */ = {isa = PBXFileReference; lastKnownFileType = text.plist.xml; path = "mobile-technology-Info.plist"; sourceTree = "<group>"; };
		02CEF8E816E519BF009E773E /* en */ = {isa = PBXFileReference; lastKnownFileType = text.plist.strings; name = en; path = en.lproj/InfoPlist.strings; sourceTree = "<group>"; };
		02CEF8EA16E519BF009E773E /* main.m */ = {isa = PBXFileReference; lastKnownFileType = sourcecode.c.objc; path = main.m; sourceTree = "<group>"; };
		02CEF8EC16E519BF009E773E /* mobile-technology-Prefix.pch */ = {isa = PBXFileReference; lastKnownFileType = sourcecode.c.h; path = "mobile-technology-Prefix.pch"; sourceTree = "<group>"; };
		02CEF8ED16E519BF009E773E /* AppDelegate.h */ = {isa = PBXFileReference; lastKnownFileType = sourcecode.c.h; path = AppDelegate.h; sourceTree = "<group>"; };
		02CEF8EE16E519BF009E773E /* AppDelegate.m */ = {isa = PBXFileReference; lastKnownFileType = sourcecode.c.objc; path = AppDelegate.m; sourceTree = "<group>"; };
		02CEF8F016E519BF009E773E /* Default.png */ = {isa = PBXFileReference; lastKnownFileType = image.png; path = Default.png; sourceTree = "<group>"; };
		02CEF8F216E519BF009E773E /* Default@2x.png */ = {isa = PBXFileReference; lastKnownFileType = image.png; path = "Default@2x.png"; sourceTree = "<group>"; };
		02CEF8F416E519BF009E773E /* Default-568h@2x.png */ = {isa = PBXFileReference; lastKnownFileType = image.png; path = "Default-568h@2x.png"; sourceTree = "<group>"; };
		02CEF8F716E519BF009E773E /* en */ = {isa = PBXFileReference; lastKnownFileType = file.storyboard; name = en; path = en.lproj/MainStoryboard.storyboard; sourceTree = "<group>"; };
		02CEF90416E7B2B0009E773E /* API.h */ = {isa = PBXFileReference; fileEncoding = 4; lastKnownFileType = sourcecode.c.h; name = API.h; path = ../API.h; sourceTree = "<group>"; };
		02CEF90516E7B2B0009E773E /* API.m */ = {isa = PBXFileReference; fileEncoding = 4; lastKnownFileType = sourcecode.c.objc; name = API.m; path = ../API.m; sourceTree = "<group>"; };
		02CEF90816E7B2E0009E773E /* AFHTTPClient.h */ = {isa = PBXFileReference; fileEncoding = 4; lastKnownFileType = sourcecode.c.h; path = AFHTTPClient.h; sourceTree = "<group>"; };
		02CEF90916E7B2E0009E773E /* AFHTTPClient.m */ = {isa = PBXFileReference; fileEncoding = 4; lastKnownFileType = sourcecode.c.objc; path = AFHTTPClient.m; sourceTree = "<group>"; };
		02CEF90A16E7B2E0009E773E /* AFHTTPRequestOperation.h */ = {isa = PBXFileReference; fileEncoding = 4; lastKnownFileType = sourcecode.c.h; path = AFHTTPRequestOperation.h; sourceTree = "<group>"; };
		02CEF90B16E7B2E0009E773E /* AFHTTPRequestOperation.m */ = {isa = PBXFileReference; fileEncoding = 4; lastKnownFileType = sourcecode.c.objc; path = AFHTTPRequestOperation.m; sourceTree = "<group>"; };
		02CEF90C16E7B2E0009E773E /* AFImageRequestOperation.h */ = {isa = PBXFileReference; fileEncoding = 4; lastKnownFileType = sourcecode.c.h; path = AFImageRequestOperation.h; sourceTree = "<group>"; };
		02CEF90D16E7B2E0009E773E /* AFImageRequestOperation.m */ = {isa = PBXFileReference; fileEncoding = 4; lastKnownFileType = sourcecode.c.objc; path = AFImageRequestOperation.m; sourceTree = "<group>"; };
		02CEF90E16E7B2E0009E773E /* AFJSONRequestOperation.h */ = {isa = PBXFileReference; fileEncoding = 4; lastKnownFileType = sourcecode.c.h; path = AFJSONRequestOperation.h; sourceTree = "<group>"; };
		02CEF90F16E7B2E0009E773E /* AFJSONRequestOperation.m */ = {isa = PBXFileReference; fileEncoding = 4; lastKnownFileType = sourcecode.c.objc; path = AFJSONRequestOperation.m; sourceTree = "<group>"; };
		02CEF91016E7B2E0009E773E /* AFNetworkActivityIndicatorManager.h */ = {isa = PBXFileReference; fileEncoding = 4; lastKnownFileType = sourcecode.c.h; path = AFNetworkActivityIndicatorManager.h; sourceTree = "<group>"; };
		02CEF91116E7B2E0009E773E /* AFNetworkActivityIndicatorManager.m */ = {isa = PBXFileReference; fileEncoding = 4; lastKnownFileType = sourcecode.c.objc; path = AFNetworkActivityIndicatorManager.m; sourceTree = "<group>"; };
		02CEF91216E7B2E0009E773E /* AFNetworking.h */ = {isa = PBXFileReference; fileEncoding = 4; lastKnownFileType = sourcecode.c.h; path = AFNetworking.h; sourceTree = "<group>"; };
		02CEF91316E7B2E0009E773E /* AFPropertyListRequestOperation.h */ = {isa = PBXFileReference; fileEncoding = 4; lastKnownFileType = sourcecode.c.h; path = AFPropertyListRequestOperation.h; sourceTree = "<group>"; };
		02CEF91416E7B2E0009E773E /* AFPropertyListRequestOperation.m */ = {isa = PBXFileReference; fileEncoding = 4; lastKnownFileType = sourcecode.c.objc; path = AFPropertyListRequestOperation.m; sourceTree = "<group>"; };
		02CEF91516E7B2E0009E773E /* AFURLConnectionOperation.h */ = {isa = PBXFileReference; fileEncoding = 4; lastKnownFileType = sourcecode.c.h; path = AFURLConnectionOperation.h; sourceTree = "<group>"; };
		02CEF91616E7B2E0009E773E /* AFURLConnectionOperation.m */ = {isa = PBXFileReference; fileEncoding = 4; lastKnownFileType = sourcecode.c.objc; path = AFURLConnectionOperation.m; sourceTree = "<group>"; };
		02CEF91716E7B2E0009E773E /* AFXMLRequestOperation.h */ = {isa = PBXFileReference; fileEncoding = 4; lastKnownFileType = sourcecode.c.h; path = AFXMLRequestOperation.h; sourceTree = "<group>"; };
		02CEF91816E7B2E0009E773E /* AFXMLRequestOperation.m */ = {isa = PBXFileReference; fileEncoding = 4; lastKnownFileType = sourcecode.c.objc; path = AFXMLRequestOperation.m; sourceTree = "<group>"; };
		02CEF91916E7B2E0009E773E /* UIImageView+AFNetworking.h */ = {isa = PBXFileReference; fileEncoding = 4; lastKnownFileType = sourcecode.c.h; path = "UIImageView+AFNetworking.h"; sourceTree = "<group>"; };
		02CEF91A16E7B2E0009E773E /* UIImageView+AFNetworking.m */ = {isa = PBXFileReference; fileEncoding = 4; lastKnownFileType = sourcecode.c.objc; path = "UIImageView+AFNetworking.m"; sourceTree = "<group>"; };
		02CEF92416E7CC5F009E773E /* BookResource.h */ = {isa = PBXFileReference; fileEncoding = 4; lastKnownFileType = sourcecode.c.h; name = BookResource.h; path = ../BookResource.h; sourceTree = "<group>"; };
		02CEF92516E7CC5F009E773E /* BookResource.m */ = {isa = PBXFileReference; fileEncoding = 4; lastKnownFileType = sourcecode.c.objc; name = BookResource.m; path = ../BookResource.m; sourceTree = "<group>"; };
		02CEF92716E9F439009E773E /* Book.h */ = {isa = PBXFileReference; fileEncoding = 4; lastKnownFileType = sourcecode.c.h; name = Book.h; path = ../Book.h; sourceTree = "<group>"; };
		02CEF92816E9F439009E773E /* Book.m */ = {isa = PBXFileReference; fileEncoding = 4; lastKnownFileType = sourcecode.c.objc; name = Book.m; path = ../Book.m; sourceTree = "<group>"; };
		02CEF92A16EA13A3009E773E /* BookViewController.h */ = {isa = PBXFileReference; fileEncoding = 4; lastKnownFileType = sourcecode.c.h; name = BookViewController.h; path = ../BookViewController.h; sourceTree = "<group>"; };
		02CEF92B16EA13A3009E773E /* BookViewController.m */ = {isa = PBXFileReference; fileEncoding = 4; lastKnownFileType = sourcecode.c.objc; name = BookViewController.m; path = ../BookViewController.m; sourceTree = "<group>"; };
		02CEF92E16EA4962009E773E /* SVProgressHUD.bundle */ = {isa = PBXFileReference; lastKnownFileType = "wrapper.plug-in"; path = SVProgressHUD.bundle; sourceTree = "<group>"; };
		02CEF92F16EA4962009E773E /* SVProgressHUD.h */ = {isa = PBXFileReference; fileEncoding = 4; lastKnownFileType = sourcecode.c.h; path = SVProgressHUD.h; sourceTree = "<group>"; };
		02CEF93016EA4962009E773E /* SVProgressHUD.m */ = {isa = PBXFileReference; fileEncoding = 4; lastKnownFileType = sourcecode.c.objc; path = SVProgressHUD.m; sourceTree = "<group>"; };
		02CEF93316EA4A37009E773E /* QuartzCore.framework */ = {isa = PBXFileReference; lastKnownFileType = wrapper.framework; name = QuartzCore.framework; path = System/Library/Frameworks/QuartzCore.framework; sourceTree = SDKROOT; };
		02CEF93516EB2220009E773E /* NewBookViewController.h */ = {isa = PBXFileReference; fileEncoding = 4; lastKnownFileType = sourcecode.c.h; name = NewBookViewController.h; path = ../NewBookViewController.h; sourceTree = "<group>"; };
		02CEF93616EB2220009E773E /* NewBookViewController.m */ = {isa = PBXFileReference; fileEncoding = 4; lastKnownFileType = sourcecode.c.objc; name = NewBookViewController.m; path = ../NewBookViewController.m; sourceTree = "<group>"; };
/* End PBXFileReference section */

/* Begin PBXFrameworksBuildPhase section */
		02CEF8D816E519BF009E773E /* Frameworks */ = {
			isa = PBXFrameworksBuildPhase;
			buildActionMask = 2147483647;
			files = (
				02CEF93416EA4A37009E773E /* QuartzCore.framework in Frameworks */,
				02CEF8DF16E519BF009E773E /* UIKit.framework in Frameworks */,
				02CEF8E116E519BF009E773E /* Foundation.framework in Frameworks */,
				02CEF8E316E519BF009E773E /* CoreGraphics.framework in Frameworks */,
			);
			runOnlyForDeploymentPostprocessing = 0;
		};
/* End PBXFrameworksBuildPhase section */

/* Begin PBXGroup section */
		02CEF8D216E519BF009E773E = {
			isa = PBXGroup;
			children = (
				02CEF92D16EA4962009E773E /* SVProgressHUD */,
				02CEF90716E7B2E0009E773E /* AFNetworking */,
				02CEF8E416E519BF009E773E /* mobile-technology */,
				02CEF8DD16E519BF009E773E /* Frameworks */,
				02CEF8DC16E519BF009E773E /* Products */,
			);
			sourceTree = "<group>";
		};
		02CEF8DC16E519BF009E773E /* Products */ = {
			isa = PBXGroup;
			children = (
				02CEF8DB16E519BF009E773E /* mobile-technology.app */,
			);
			name = Products;
			sourceTree = "<group>";
		};
		02CEF8DD16E519BF009E773E /* Frameworks */ = {
			isa = PBXGroup;
			children = (
				02CEF93316EA4A37009E773E /* QuartzCore.framework */,
				02CEF8DE16E519BF009E773E /* UIKit.framework */,
				02CEF8E016E519BF009E773E /* Foundation.framework */,
				02CEF8E216E519BF009E773E /* CoreGraphics.framework */,
			);
			name = Frameworks;
			sourceTree = "<group>";
		};
		02CEF8E416E519BF009E773E /* mobile-technology */ = {
			isa = PBXGroup;
			children = (
				02CEF90416E7B2B0009E773E /* API.h */,
				02CEF90516E7B2B0009E773E /* API.m */,
				02CEF92716E9F439009E773E /* Book.h */,
				02CEF92816E9F439009E773E /* Book.m */,
				02CEF92416E7CC5F009E773E /* BookResource.h */,
				02CEF92516E7CC5F009E773E /* BookResource.m */,
				02CEF92A16EA13A3009E773E /* BookViewController.h */,
				02CEF92B16EA13A3009E773E /* BookViewController.m */,
				02CEF8F616E519BF009E773E /* MainStoryboard.storyboard */,
				02CEF93516EB2220009E773E /* NewBookViewController.h */,
				02CEF93616EB2220009E773E /* NewBookViewController.m */,
				02CEF8E516E519BF009E773E /* Supporting Files */,
			);
			path = "mobile-technology";
			sourceTree = "<group>";
		};
		02CEF8E516E519BF009E773E /* Supporting Files */ = {
			isa = PBXGroup;
			children = (
				02CEF8ED16E519BF009E773E /* AppDelegate.h */,
				02CEF8EE16E519BF009E773E /* AppDelegate.m */,
				02CEF8E616E519BF009E773E /* mobile-technology-Info.plist */,
				02CEF8E716E519BF009E773E /* InfoPlist.strings */,
				02CEF8EA16E519BF009E773E /* main.m */,
				02CEF8EC16E519BF009E773E /* mobile-technology-Prefix.pch */,
				02CEF8F016E519BF009E773E /* Default.png */,
				02CEF8F216E519BF009E773E /* Default@2x.png */,
				02CEF8F416E519BF009E773E /* Default-568h@2x.png */,
			);
			name = "Supporting Files";
			sourceTree = "<group>";
		};
		02CEF90716E7B2E0009E773E /* AFNetworking */ = {
			isa = PBXGroup;
			children = (
				02CEF90816E7B2E0009E773E /* AFHTTPClient.h */,
				02CEF90916E7B2E0009E773E /* AFHTTPClient.m */,
				02CEF90A16E7B2E0009E773E /* AFHTTPRequestOperation.h */,
				02CEF90B16E7B2E0009E773E /* AFHTTPRequestOperation.m */,
				02CEF90C16E7B2E0009E773E /* AFImageRequestOperation.h */,
				02CEF90D16E7B2E0009E773E /* AFImageRequestOperation.m */,
				02CEF90E16E7B2E0009E773E /* AFJSONRequestOperation.h */,
				02CEF90F16E7B2E0009E773E /* AFJSONRequestOperation.m */,
				02CEF91016E7B2E0009E773E /* AFNetworkActivityIndicatorManager.h */,
				02CEF91116E7B2E0009E773E /* AFNetworkActivityIndicatorManager.m */,
				02CEF91216E7B2E0009E773E /* AFNetworking.h */,
				02CEF91316E7B2E0009E773E /* AFPropertyListRequestOperation.h */,
				02CEF91416E7B2E0009E773E /* AFPropertyListRequestOperation.m */,
				02CEF91516E7B2E0009E773E /* AFURLConnectionOperation.h */,
				02CEF91616E7B2E0009E773E /* AFURLConnectionOperation.m */,
				02CEF91716E7B2E0009E773E /* AFXMLRequestOperation.h */,
				02CEF91816E7B2E0009E773E /* AFXMLRequestOperation.m */,
				02CEF91916E7B2E0009E773E /* UIImageView+AFNetworking.h */,
				02CEF91A16E7B2E0009E773E /* UIImageView+AFNetworking.m */,
			);
			path = AFNetworking;
			sourceTree = "<group>";
		};
		02CEF92D16EA4962009E773E /* SVProgressHUD */ = {
			isa = PBXGroup;
			children = (
				02CEF92E16EA4962009E773E /* SVProgressHUD.bundle */,
				02CEF92F16EA4962009E773E /* SVProgressHUD.h */,
				02CEF93016EA4962009E773E /* SVProgressHUD.m */,
			);
			path = SVProgressHUD;
			sourceTree = "<group>";
		};
/* End PBXGroup section */

/* Begin PBXNativeTarget section */
		02CEF8DA16E519BF009E773E /* mobile-technology */ = {
			isa = PBXNativeTarget;
			buildConfigurationList = 02CEF8FE16E519BF009E773E /* Build configuration list for PBXNativeTarget "mobile-technology" */;
			buildPhases = (
				02CEF8D716E519BF009E773E /* Sources */,
				02CEF8D816E519BF009E773E /* Frameworks */,
				02CEF8D916E519BF009E773E /* Resources */,
			);
			buildRules = (
			);
			dependencies = (
			);
			name = "mobile-technology";
			productName = "mobile-technology";
			productReference = 02CEF8DB16E519BF009E773E /* mobile-technology.app */;
			productType = "com.apple.product-type.application";
		};
/* End PBXNativeTarget section */

/* Begin PBXProject section */
		02CEF8D316E519BF009E773E /* Project object */ = {
			isa = PBXProject;
			attributes = {
				LastUpgradeCheck = 0460;
				ORGANIZATIONNAME = "Jan Brinkmann";
			};
			buildConfigurationList = 02CEF8D616E519BF009E773E /* Build configuration list for PBXProject "mobile-technology" */;
			compatibilityVersion = "Xcode 3.2";
			developmentRegion = English;
			hasScannedForEncodings = 0;
			knownRegions = (
				en,
			);
			mainGroup = 02CEF8D216E519BF009E773E;
			productRefGroup = 02CEF8DC16E519BF009E773E /* Products */;
			projectDirPath = "";
			projectRoot = "";
			targets = (
				02CEF8DA16E519BF009E773E /* mobile-technology */,
			);
		};
/* End PBXProject section */

/* Begin PBXResourcesBuildPhase section */
		02CEF8D916E519BF009E773E /* Resources */ = {
			isa = PBXResourcesBuildPhase;
			buildActionMask = 2147483647;
			files = (
				02CEF8E916E519BF009E773E /* InfoPlist.strings in Resources */,
				02CEF8F116E519BF009E773E /* Default.png in Resources */,
				02CEF8F316E519BF009E773E /* Default@2x.png in Resources */,
				02CEF8F516E519BF009E773E /* Default-568h@2x.png in Resources */,
				02CEF8F816E519BF009E773E /* MainStoryboard.storyboard in Resources */,
				02CEF93116EA4962009E773E /* SVProgressHUD.bundle in Resources */,
			);
			runOnlyForDeploymentPostprocessing = 0;
		};
/* End PBXResourcesBuildPhase section */

/* Begin PBXSourcesBuildPhase section */
		02CEF8D716E519BF009E773E /* Sources */ = {
			isa = PBXSourcesBuildPhase;
			buildActionMask = 2147483647;
			files = (
				02CEF8EB16E519BF009E773E /* main.m in Sources */,
				02CEF8EF16E519BF009E773E /* AppDelegate.m in Sources */,
				02CEF90616E7B2B0009E773E /* API.m in Sources */,
				02CEF91B16E7B2E0009E773E /* AFHTTPClient.m in Sources */,
				02CEF91C16E7B2E0009E773E /* AFHTTPRequestOperation.m in Sources */,
				02CEF91D16E7B2E0009E773E /* AFImageRequestOperation.m in Sources */,
				02CEF91E16E7B2E0009E773E /* AFJSONRequestOperation.m in Sources */,
				02CEF91F16E7B2E0009E773E /* AFNetworkActivityIndicatorManager.m in Sources */,
				02CEF92016E7B2E0009E773E /* AFPropertyListRequestOperation.m in Sources */,
				02CEF92116E7B2E0009E773E /* AFURLConnectionOperation.m in Sources */,
				02CEF92216E7B2E0009E773E /* AFXMLRequestOperation.m in Sources */,
				02CEF92316E7B2E0009E773E /* UIImageView+AFNetworking.m in Sources */,
				02CEF92616E7CC5F009E773E /* BookResource.m in Sources */,
				02CEF92916E9F439009E773E /* Book.m in Sources */,
				02CEF92C16EA13A3009E773E /* BookViewController.m in Sources */,
				02CEF93216EA4962009E773E /* SVProgressHUD.m in Sources */,
				02CEF93716EB2220009E773E /* NewBookViewController.m in Sources */,
			);
			runOnlyForDeploymentPostprocessing = 0;
		};
/* End PBXSourcesBuildPhase section */

/* Begin PBXVariantGroup section */
		02CEF8E716E519BF009E773E /* InfoPlist.strings */ = {
			isa = PBXVariantGroup;
			children = (
				02CEF8E816E519BF009E773E /* en */,
			);
			name = InfoPlist.strings;
			sourceTree = "<group>";
		};
		02CEF8F616E519BF009E773E /* MainStoryboard.storyboard */ = {
			isa = PBXVariantGroup;
			children = (
				02CEF8F716E519BF009E773E /* en */,
			);
			name = MainStoryboard.storyboard;
			sourceTree = "<group>";
		};
/* End PBXVariantGroup section */

/* Begin XCBuildConfiguration section */
		02CEF8FC16E519BF009E773E /* Debug */ = {
			isa = XCBuildConfiguration;
			buildSettings = {
				ALWAYS_SEARCH_USER_PATHS = NO;
				CLANG_CXX_LANGUAGE_STANDARD = "gnu++0x";
				CLANG_CXX_LIBRARY = "libc++";
				CLANG_ENABLE_OBJC_ARC = YES;
				CLANG_WARN_CONSTANT_CONVERSION = YES;
				CLANG_WARN_EMPTY_BODY = YES;
				CLANG_WARN_ENUM_CONVERSION = YES;
				CLANG_WARN_INT_CONVERSION = YES;
				CLANG_WARN__DUPLICATE_METHOD_MATCH = YES;
				"CODE_SIGN_IDENTITY[sdk=iphoneos*]" = "iPhone Developer";
				COPY_PHASE_STRIP = NO;
				GCC_C_LANGUAGE_STANDARD = gnu99;
				GCC_DYNAMIC_NO_PIC = NO;
				GCC_OPTIMIZATION_LEVEL = 0;
				GCC_PREPROCESSOR_DEFINITIONS = (
					"DEBUG=1",
					"$(inherited)",
				);
				GCC_SYMBOLS_PRIVATE_EXTERN = NO;
				GCC_WARN_ABOUT_RETURN_TYPE = YES;
				GCC_WARN_UNINITIALIZED_AUTOS = YES;
				GCC_WARN_UNUSED_VARIABLE = YES;
				IPHONEOS_DEPLOYMENT_TARGET = 6.1;
				ONLY_ACTIVE_ARCH = YES;
				SDKROOT = iphoneos;
			};
			name = Debug;
		};
		02CEF8FD16E519BF009E773E /* Release */ = {
			isa = XCBuildConfiguration;
			buildSettings = {
				ALWAYS_SEARCH_USER_PATHS = NO;
				CLANG_CXX_LANGUAGE_STANDARD = "gnu++0x";
				CLANG_CXX_LIBRARY = "libc++";
				CLANG_ENABLE_OBJC_ARC = YES;
				CLANG_WARN_CONSTANT_CONVERSION = YES;
				CLANG_WARN_EMPTY_BODY = YES;
				CLANG_WARN_ENUM_CONVERSION = YES;
				CLANG_WARN_INT_CONVERSION = YES;
				CLANG_WARN__DUPLICATE_METHOD_MATCH = YES;
				"CODE_SIGN_IDENTITY[sdk=iphoneos*]" = "iPhone Developer";
				COPY_PHASE_STRIP = YES;
				GCC_C_LANGUAGE_STANDARD = gnu99;
				GCC_WARN_ABOUT_RETURN_TYPE = YES;
				GCC_WARN_UNINITIALIZED_AUTOS = YES;
				GCC_WARN_UNUSED_VARIABLE = YES;
				IPHONEOS_DEPLOYMENT_TARGET = 6.1;
				OTHER_CFLAGS = "-DNS_BLOCK_ASSERTIONS=1";
				SDKROOT = iphoneos;
				VALIDATE_PRODUCT = YES;
			};
			name = Release;
		};
		02CEF8FF16E519BF009E773E /* Debug */ = {
			isa = XCBuildConfiguration;
			buildSettings = {
				GCC_PRECOMPILE_PREFIX_HEADER = YES;
				GCC_PREFIX_HEADER = "mobile-technology/mobile-technology-Prefix.pch";
				INFOPLIST_FILE = "mobile-technology/mobile-technology-Info.plist";
				PRODUCT_NAME = "$(TARGET_NAME)";
				WRAPPER_EXTENSION = app;
			};
			name = Debug;
		};
		02CEF90016E519BF009E773E /* Release */ = {
			isa = XCBuildConfiguration;
			buildSettings = {
				GCC_PRECOMPILE_PREFIX_HEADER = YES;
				GCC_PREFIX_HEADER = "mobile-technology/mobile-technology-Prefix.pch";
				INFOPLIST_FILE = "mobile-technology/mobile-technology-Info.plist";
				PRODUCT_NAME = "$(TARGET_NAME)";
				WRAPPER_EXTENSION = app;
			};
			name = Release;
		};
/* End XCBuildConfiguration section */

/* Begin XCConfigurationList section */
		02CEF8D616E519BF009E773E /* Build configuration list for PBXProject "mobile-technology" */ = {
			isa = XCConfigurationList;
			buildConfigurations = (
				02CEF8FC16E519BF009E773E /* Debug */,
				02CEF8FD16E519BF009E773E /* Release */,
			);
			defaultConfigurationIsVisible = 0;
			defaultConfigurationName = Release;
		};
		02CEF8FE16E519BF009E773E /* Build configuration list for PBXNativeTarget "mobile-technology" */ = {
			isa = XCConfigurationList;
			buildConfigurations = (
				02CEF8FF16E519BF009E773E /* Debug */,
				02CEF90016E519BF009E773E /* Release */,
			);
			defaultConfigurationIsVisible = 0;
		};
/* End XCConfigurationList section */
	};
	rootObject = 02CEF8D316E519BF009E773E /* Project object */;
}
